// !$*UTF8*$!
{
	archiveVersion = 1;
	classes = {
	};
	objectVersion = 50;
	objects = {

/* Begin PBXBuildFile section */
		AB57BCB12475C950000B2B99 /* AppDelegate.swift in Sources */ = {isa = PBXBuildFile; fileRef = AB57BCB02475C950000B2B99 /* AppDelegate.swift */; };
		AB57BCB32475C950000B2B99 /* ContentView.swift in Sources */ = {isa = PBXBuildFile; fileRef = AB57BCB22475C950000B2B99 /* ContentView.swift */; };
		AB57BCB52475C957000B2B99 /* Assets.xcassets in Resources */ = {isa = PBXBuildFile; fileRef = AB57BCB42475C957000B2B99 /* Assets.xcassets */; };
		AB57BCB82475C957000B2B99 /* Preview Assets.xcassets in Resources */ = {isa = PBXBuildFile; fileRef = AB57BCB72475C957000B2B99 /* Preview Assets.xcassets */; };
		AB57BCBB2475C957000B2B99 /* Main.storyboard in Resources */ = {isa = PBXBuildFile; fileRef = AB57BCB92475C957000B2B99 /* Main.storyboard */; };
		AB57BCC42475C9A9000B2B99 /* ToneOutputUnit.swift in Sources */ = {isa = PBXBuildFile; fileRef = AB57BCC32475C9A9000B2B99 /* ToneOutputUnit.swift */; };
/* End PBXBuildFile section */

/* Begin PBXFileReference section */
		AB57BCAD2475C950000B2B99 /* OscSound.app */ = {isa = PBXFileReference; explicitFileType = wrapper.application; includeInIndex = 0; path = OscSound.app; sourceTree = BUILT_PRODUCTS_DIR; };
		AB57BCB02475C950000B2B99 /* AppDelegate.swift */ = {isa = PBXFileReference; lastKnownFileType = sourcecode.swift; path = AppDelegate.swift; sourceTree = "<group>"; };
		AB57BCB22475C950000B2B99 /* ContentView.swift */ = {isa = PBXFileReference; lastKnownFileType = sourcecode.swift; path = ContentView.swift; sourceTree = "<group>"; };
		AB57BCB42475C957000B2B99 /* Assets.xcassets */ = {isa = PBXFileReference; lastKnownFileType = folder.assetcatalog; path = Assets.xcassets; sourceTree = "<group>"; };
		AB57BCB72475C957000B2B99 /* Preview Assets.xcassets */ = {isa = PBXFileReference; lastKnownFileType = folder.assetcatalog; path = "Preview Assets.xcassets"; sourceTree = "<group>"; };
		AB57BCBA2475C957000B2B99 /* Base */ = {isa = PBXFileReference; lastKnownFileType = file.storyboard; name = Base; path = Base.lproj/Main.storyboard; sourceTree = "<group>"; };
		AB57BCBC2475C957000B2B99 /* Info.plist */ = {isa = PBXFileReference; lastKnownFileType = text.plist.xml; path = Info.plist; sourceTree = "<group>"; };
		AB57BCBD2475C957000B2B99 /* OscSound.entitlements */ = {isa = PBXFileReference; lastKnownFileType = text.plist.entitlements; path = OscSound.entitlements; sourceTree = "<group>"; };
		AB57BCC32475C9A9000B2B99 /* ToneOutputUnit.swift */ = {isa = PBXFileReference; lastKnownFileType = sourcecode.swift; path = ToneOutputUnit.swift; sourceTree = "<group>"; };
/* End PBXFileReference section */

/* Begin PBXFrameworksBuildPhase section */
		AB57BCAA2475C950000B2B99 /* Frameworks */ = {
			isa = PBXFrameworksBuildPhase;
			buildActionMask = 2147483647;
			files = (
			);
			runOnlyForDeploymentPostprocessing = 0;
		};
/* End PBXFrameworksBuildPhase section */

/* Begin PBXGroup section */
		AB57BCA42475C950000B2B99 = {
			isa = PBXGroup;
			children = (
				AB57BCAF2475C950000B2B99 /* OscSound */,
				AB57BCAE2475C950000B2B99 /* Products */,
			);
			sourceTree = "<group>";
		};
		AB57BCAE2475C950000B2B99 /* Products */ = {
			isa = PBXGroup;
			children = (
				AB57BCAD2475C950000B2B99 /* OscSound.app */,
			);
			name = Products;
			sourceTree = "<group>";
		};
		AB57BCAF2475C950000B2B99 /* OscSound */ = {
			isa = PBXGroup;
			children = (
				AB57BCC32475C9A9000B2B99 /* ToneOutputUnit.swift */,
				AB57BCB02475C950000B2B99 /* AppDelegate.swift */,
				AB57BCB22475C950000B2B99 /* ContentView.swift */,
				AB57BCB42475C957000B2B99 /* Assets.xcassets */,
				AB57BCB92475C957000B2B99 /* Main.storyboard */,
				AB57BCBC2475C957000B2B99 /* Info.plist */,
				AB57BCBD2475C957000B2B99 /* OscSound.entitlements */,
				AB57BCB62475C957000B2B99 /* Preview Content */,
			);
			path = OscSound;
			sourceTree = "<group>";
		};
		AB57BCB62475C957000B2B99 /* Preview Content */ = {
			isa = PBXGroup;
			children = (
				AB57BCB72475C957000B2B99 /* Preview Assets.xcassets */,
			);
			path = "Preview Content";
			sourceTree = "<group>";
		};
/* End PBXGroup section */

/* Begin PBXNativeTarget section */
		AB57BCAC2475C950000B2B99 /* OscSound */ = {
			isa = PBXNativeTarget;
			buildConfigurationList = AB57BCC02475C957000B2B99 /* Build configuration list for PBXNativeTarget "OscSound" */;
			buildPhases = (
				AB57BCA92475C950000B2B99 /* Sources */,
				AB57BCAA2475C950000B2B99 /* Frameworks */,
				AB57BCAB2475C950000B2B99 /* Resources */,
			);
			buildRules = (
			);
			dependencies = (
			);
			name = OscSound;
			productName = OscSound;
			productReference = AB57BCAD2475C950000B2B99 /* OscSound.app */;
			productType = "com.apple.product-type.application";
		};
/* End PBXNativeTarget section */

/* Begin PBXProject section */
		AB57BCA52475C950000B2B99 /* Project object */ = {
			isa = PBXProject;
			attributes = {
				LastSwiftUpdateCheck = 1140;
				LastUpgradeCheck = 1140;
				ORGANIZATIONNAME = teos;
				TargetAttributes = {
					AB57BCAC2475C950000B2B99 = {
						CreatedOnToolsVersion = 11.4.1;
					};
				};
			};
			buildConfigurationList = AB57BCA82475C950000B2B99 /* Build configuration list for PBXProject "OscSound" */;
			compatibilityVersion = "Xcode 9.3";
			developmentRegion = en;
			hasScannedForEncodings = 0;
			knownRegions = (
				en,
				Base,
			);
			mainGroup = AB57BCA42475C950000B2B99;
			productRefGroup = AB57BCAE2475C950000B2B99 /* Products */;
			projectDirPath = "";
			projectRoot = "";
			targets = (
				AB57BCAC2475C950000B2B99 /* OscSound */,
			);
		};
/* End PBXProject section */

/* Begin PBXResourcesBuildPhase section */
		AB57BCAB2475C950000B2B99 /* Resources */ = {
			isa = PBXResourcesBuildPhase;
			buildActionMask = 2147483647;
			files = (
				AB57BCBB2475C957000B2B99 /* Main.storyboard in Resources */,
				AB57BCB82475C957000B2B99 /* Preview Assets.xcassets in Resources */,
				AB57BCB52475C957000B2B99 /* Assets.xcassets in Resources */,
			);
			runOnlyForDeploymentPostprocessing = 0;
		};
/* End PBXResourcesBuildPhase section */

/* Begin PBXSourcesBuildPhase section */
		AB57BCA92475C950000B2B99 /* Sources */ = {
			isa = PBXSourcesBuildPhase;
			buildActionMask = 2147483647;
			files = (
				AB57BCB32475C950000B2B99 /* ContentView.swift in Sources */,
				AB57BCC42475C9A9000B2B99 /* ToneOutputUnit.swift in Sources */,
				AB57BCB12475C950000B2B99 /* AppDelegate.swift in Sources */,
			);
			runOnlyForDeploymentPostprocessing = 0;
		};
/* End PBXSourcesBuildPhase section */

/* Begin PBXVariantGroup section */
		AB57BCB92475C957000B2B99 /* Main.storyboard */ = {
			isa = PBXVariantGroup;
			children = (
				AB57BCBA2475C957000B2B99 /* Base */,
			);
			name = Main.storyboard;
			sourceTree = "<group>";
		};
/* End PBXVariantGroup section */

/* Begin XCBuildConfiguration section */
		AB57BCBE2475C957000B2B99 /* Debug */ = {
			isa = XCBuildConfiguration;
			buildSettings = {
				ALWAYS_SEARCH_USER_PATHS = NO;
				CLANG_ANALYZER_NONNULL = YES;
				CLANG_ANALYZER_NUMBER_OBJECT_CONVERSION = YES_AGGRESSIVE;
				CLANG_CXX_LANGUAGE_STANDARD = "gnu++14";
				CLANG_CXX_LIBRARY = "libc++";
				CLANG_ENABLE_MODULES = YES;
				CLANG_ENABLE_OBJC_ARC = YES;
				CLANG_ENABLE_OBJC_WEAK = YES;
				CLANG_WARN_BLOCK_CAPTURE_AUTORELEASING = YES;
				CLANG_WARN_BOOL_CONVERSION = YES;
				CLANG_WARN_COMMA = YES;
				CLANG_WARN_CONSTANT_CONVERSION = YES;
				CLANG_WARN_DEPRECATED_OBJC_IMPLEMENTATIONS = YES;
				CLANG_WARN_DIRECT_OBJC_ISA_USAGE = YES_ERROR;
				CLANG_WARN_DOCUMENTATION_COMMENTS = YES;
				CLANG_WARN_EMPTY_BODY = YES;
				CLANG_WARN_ENUM_CONVERSION = YES;
				CLANG_WARN_INFINITE_RECURSION = YES;
				CLANG_WARN_INT_CONVERSION = YES;
				CLANG_WARN_NON_LITERAL_NULL_CONVERSION = YES;
				CLANG_WARN_OBJC_IMPLICIT_RETAIN_SELF = YES;
				CLANG_WARN_OBJC_LITERAL_CONVERSION = YES;
				CLANG_WARN_OBJC_ROOT_CLASS = YES_ERROR;
				CLANG_WARN_RANGE_LOOP_ANALYSIS = YES;
				CLANG_WARN_STRICT_PROTOTYPES = YES;
				CLANG_WARN_SUSPICIOUS_MOVE = YES;
				CLANG_WARN_UNGUARDED_AVAILABILITY = YES_AGGRESSIVE;
				CLANG_WARN_UNREACHABLE_CODE = YES;
				CLANG_WARN__DUPLICATE_METHOD_MATCH = YES;
				COPY_PHASE_STRIP = NO;
				DEBUG_INFORMATION_FORMAT = dwarf;
				ENABLE_STRICT_OBJC_MSGSEND = YES;
				ENABLE_TESTABILITY = YES;
				GCC_C_LANGUAGE_STANDARD = gnu11;
				GCC_DYNAMIC_NO_PIC = NO;
				GCC_NO_COMMON_BLOCKS = YES;
				GCC_OPTIMIZATION_LEVEL = 0;
				GCC_PREPROCESSOR_DEFINITIONS = (
					"DEBUG=1",
					"$(inherited)",
				);
				GCC_WARN_64_TO_32_BIT_CONVERSION = YES;
				GCC_WARN_ABOUT_RETURN_TYPE = YES_ERROR;
				GCC_WARN_UNDECLARED_SELECTOR = YES;
				GCC_WARN_UNINITIALIZED_AUTOS = YES_AGGRESSIVE;
				GCC_WARN_UNUSED_FUNCTION = YES;
				GCC_WARN_UNUSED_VARIABLE = YES;
				MACOSX_DEPLOYMENT_TARGET = 10.15;
				MTL_ENABLE_DEBUG_INFO = INCLUDE_SOURCE;
				MTL_FAST_MATH = YES;
				ONLY_ACTIVE_ARCH = YES;
				SDKROOT = macosx;
				SWIFT_ACTIVE_COMPILATION_CONDITIONS = DEBUG;
				SWIFT_OPTIMIZATION_LEVEL = "-Onone";
			};
			name = Debug;
		};
		AB57BCBF2475C957000B2B99 /* Release */ = {
			isa = XCBuildConfiguration;
			buildSettings = {
				ALWAYS_SEARCH_USER_PATHS = NO;
				CLANG_ANALYZER_NONNULL = YES;
				CLANG_ANALYZER_NUMBER_OBJECT_CONVERSION = YES_AGGRESSIVE;
				CLANG_CXX_LANGUAGE_STANDARD = "gnu++14";
				CLANG_CXX_LIBRARY = "libc++";
				CLANG_ENABLE_MODULES = YES;
				CLANG_ENABLE_OBJC_ARC = YES;
				CLANG_ENABLE_OBJC_WEAK = YES;
				CLANG_WARN_BLOCK_CAPTURE_AUTORELEASING = YES;
				CLANG_WARN_BOOL_CONVERSION = YES;
				CLANG_WARN_COMMA = YES;
				CLANG_WARN_CONSTANT_CONVERSION = YES;
				CLANG_WARN_DEPRECATED_OBJC_IMPLEMENTATIONS = YES;
				CLANG_WARN_DIRECT_OBJC_ISA_USAGE = YES_ERROR;
				CLANG_WARN_DOCUMENTATION_COMMENTS = YES;
				CLANG_WARN_EMPTY_BODY = YES;
				CLANG_WARN_ENUM_CONVERSION = YES;
				CLANG_WARN_INFINITE_RECURSION = YES;
				CLANG_WARN_INT_CONVERSION = YES;
				CLANG_WARN_NON_LITERAL_NULL_CONVERSION = YES;
				CLANG_WARN_OBJC_IMPLICIT_RETAIN_SELF = YES;
				CLANG_WARN_OBJC_LITERAL_CONVERSION = YES;
				CLANG_WARN_OBJC_ROOT_CLASS = YES_ERROR;
				CLANG_WARN_RANGE_LOOP_ANALYSIS = YES;
				CLANG_WARN_STRICT_PROTOTYPES = YES;
				CLANG_WARN_SUSPICIOUS_MOVE = YES;
				CLANG_WARN_UNGUARDED_AVAILABILITY = YES_AGGRESSIVE;
				CLANG_WARN_UNREACHABLE_CODE = YES;
				CLANG_WARN__DUPLICATE_METHOD_MATCH = YES;
				COPY_PHASE_STRIP = NO;
				DEBUG_INFORMATION_FORMAT = "dwarf-with-dsym";
				ENABLE_NS_ASSERTIONS = NO;
				ENABLE_STRICT_OBJC_MSGSEND = YES;
				GCC_C_LANGUAGE_STANDARD = gnu11;
				GCC_NO_COMMON_BLOCKS = YES;
				GCC_WARN_64_TO_32_BIT_CONVERSION = YES;
				GCC_WARN_ABOUT_RETURN_TYPE = YES_ERROR;
				GCC_WARN_UNDECLARED_SELECTOR = YES;
				GCC_WARN_UNINITIALIZED_AUTOS = YES_AGGRESSIVE;
				GCC_WARN_UNUSED_FUNCTION = YES;
				GCC_WARN_UNUSED_VARIABLE = YES;
				MACOSX_DEPLOYMENT_TARGET = 10.15;
				MTL_ENABLE_DEBUG_INFO = NO;
				MTL_FAST_MATH = YES;
				SDKROOT = macosx;
				SWIFT_COMPILATION_MODE = wholemodule;
				SWIFT_OPTIMIZATION_LEVEL = "-O";
			};
			name = Release;
		};
		AB57BCC12475C957000B2B99 /* Debug */ = {
			isa = XCBuildConfiguration;
			buildSettings = {
				ASSETCATALOG_COMPILER_APPICON_NAME = AppIcon;
				CODE_SIGN_ENTITLEMENTS = OscSound/OscSound.entitlements;
				CODE_SIGN_STYLE = Automatic;
				COMBINE_HIDPI_IMAGES = YES;
				DEVELOPMENT_ASSET_PATHS = "\"OscSound/Preview Content\"";
				DEVELOPMENT_TEAM = SK8WX2BAWU;
				ENABLE_HARDENED_RUNTIME = YES;
				ENABLE_PREVIEWS = YES;
				INFOPLIST_FILE = OscSound/Info.plist;
				LD_RUNPATH_SEARCH_PATHS = (
					"$(inherited)",
					"@executable_path/../Frameworks",
				);
				MACOSX_DEPLOYMENT_TARGET = 10.15;
				PRODUCT_BUNDLE_IDENTIFIER = teos.OscSound;
				PRODUCT_NAME = "$(TARGET_NAME)";
				SWIFT_VERSION = 5.0;
			};
			name = Debug;
		};
		AB57BCC22475C957000B2B99 /* Release */ = {
			isa = XCBuildConfiguration;
			buildSettings = {
				ASSETCATALOG_COMPILER_APPICON_NAME = AppIcon;
				CODE_SIGN_ENTITLEMENTS = OscSound/OscSound.entitlements;
				CODE_SIGN_STYLE = Automatic;
				COMBINE_HIDPI_IMAGES = YES;
				DEVELOPMENT_ASSET_PATHS = "\"OscSound/Preview Content\"";
				DEVELOPMENT_TEAM = SK8WX2BAWU;
				ENABLE_HARDENED_RUNTIME = YES;
				ENABLE_PREVIEWS = YES;
				INFOPLIST_FILE = OscSound/Info.plist;
				LD_RUNPATH_SEARCH_PATHS = (
					"$(inherited)",
					"@executable_path/../Frameworks",
				);
				MACOSX_DEPLOYMENT_TARGET = 10.15;
				PRODUCT_BUNDLE_IDENTIFIER = teos.OscSound;
				PRODUCT_NAME = "$(TARGET_NAME)";
				SWIFT_VERSION = 5.0;
			};
			name = Release;
		};
/* End XCBuildConfiguration section */

/* Begin XCConfigurationList section */
		AB57BCA82475C950000B2B99 /* Build configuration list for PBXProject "OscSound" */ = {
			isa = XCConfigurationList;
			buildConfigurations = (
				AB57BCBE2475C957000B2B99 /* Debug */,
				AB57BCBF2475C957000B2B99 /* Release */,
			);
			defaultConfigurationIsVisible = 0;
			defaultConfigurationName = Release;
		};
		AB57BCC02475C957000B2B99 /* Build configuration list for PBXNativeTarget "OscSound" */ = {
			isa = XCConfigurationList;
			buildConfigurations = (
				AB57BCC12475C957000B2B99 /* Debug */,
				AB57BCC22475C957000B2B99 /* Release */,
			);
			defaultConfigurationIsVisible = 0;
			defaultConfigurationName = Release;
		};
/* End XCConfigurationList section */
	};
	rootObject = AB57BCA52475C950000B2B99 /* Project object */;
}
